
Microsoft Visual Studio Solution File, Format Version 12.00
# Visual Studio 2013
VisualStudioVersion = 12.0.21005.1
MinimumVisualStudioVersion = 10.0.40219.1
Project("{FAE04EC0-301F-11D3-BF4B-00C04F79EFBC}") = "UserSyncClient", "UserSyncClient\UserSyncClient.csproj", "{22796C49-22D8-49E0-BB8B-3A4E992A9ADB}"
EndProject
Project("{FAE04EC0-301F-11D3-BF4B-00C04F79EFBC}") = "SyncClientInstaller", "SyncClientInstaller\SyncClientInstaller.csproj", "{088705F0-04AE-4549-854B-CF9A3E3EFCB1}"
EndProject
Global
	GlobalSection(SolutionConfigurationPlatforms) = preSolution
		Debug|Any CPU = Debug|Any CPU
		Release|Any CPU = Release|Any CPU
	EndGlobalSection
	GlobalSection(ProjectConfigurationPlatforms) = postSolution
		{22796C49-22D8-49E0-BB8B-3A4E992A9ADB}.Debug|Any CPU.ActiveCfg = Debug|Any CPU
		{22796C49-22D8-49E0-BB8B-3A4E992A9ADB}.Debug|Any CPU.Build.0 = Debug|Any CPU
		{22796C49-22D8-49E0-BB8B-3A4E992A9ADB}.Release|Any CPU.ActiveCfg = Release|Any CPU
		{22796C49-22D8-49E0-BB8B-3A4E992A9ADB}.Release|Any CPU.Build.0 = Release|Any CPU
		{088705F0-04AE-4549-854B-CF9A3E3EFCB1}.Debug|Any CPU.ActiveCfg = Release|Any CPU
		{088705F0-04AE-4549-854B-CF9A3E3EFCB1}.Debug|Any CPU.Build.0 = Release|Any CPU
		{088705F0-04AE-4549-854B-CF9A3E3EFCB1}.Release|Any CPU.ActiveCfg = Release|Any CPU
		{088705F0-04AE-4549-854B-CF9A3E3EFCB1}.Release|Any CPU.Build.0 = Release|Any CPU
	EndGlobalSection
	GlobalSection(SolutionProperties) = preSolution
		HideSolutionNode = FALSE
	EndGlobalSection
EndGlobal
